
Microsoft Visual Studio Solution File, Format Version 12.00
# Visual Studio 15
VisualStudioVersion = 15.0.28010.2003
MinimumVisualStudioVersion = 10.0.40219.1
Project("{2150E333-8FDC-42A3-9474-1A3956D46DE8}") = "Solution Items", "Solution Items", "{D14AE3D2-BC9A-448A-90BD-D1A55854E189}"
	ProjectSection(SolutionItems) = preProject
		.editorconfig = .editorconfig
		.gitignore = .gitignore
		NuGet.config = NuGet.config
	EndProjectSection
EndProject
Project("{9A19103F-16F7-4668-BE54-9A1E7A4F7556}") = "SIL.XForge.Identity", "src\SIL.XForge.Identity\SIL.XForge.Identity.csproj", "{0542B0F2-46DD-404D-A711-7D682CB6A741}"
EndProject
Project("{2150E333-8FDC-42A3-9474-1A3956D46DE8}") = "src", "src", "{FAE8A070-D147-4FEB-B263-14C0BF50DEAE}"
EndProject
Project("{9A19103F-16F7-4668-BE54-9A1E7A4F7556}") = "SIL.XForge", "src\SIL.XForge\SIL.XForge.csproj", "{C1150447-34A6-4040-ADB1-6EA368217BF3}"
EndProject
Project("{9A19103F-16F7-4668-BE54-9A1E7A4F7556}") = "SIL.XForge.Scripture", "src\SIL.XForge.Scripture\SIL.XForge.Scripture.csproj", "{493C64E5-67B1-49F3-AEEC-3D104FEE1601}"
EndProject
Project("{2150E333-8FDC-42A3-9474-1A3956D46DE8}") = "test", "test", "{0584AC24-20DC-4BEB-B537-2DB709E43292}"
EndProject
Project("{9A19103F-16F7-4668-BE54-9A1E7A4F7556}") = "SIL.XForge.Tests", "test\SIL.XForge.Tests\SIL.XForge.Tests.csproj", "{466E60F1-2718-4BF5-BD65-0EC6AAA650F4}"
EndProject
Project("{9A19103F-16F7-4668-BE54-9A1E7A4F7556}") = "SIL.XForge.Scripture.Tests", "test\SIL.XForge.Scripture.Tests\SIL.XForge.Scripture.Tests.csproj", "{337E1882-812E-4782-8EFF-2582130FA1CE}"
EndProject
Project("{9A19103F-16F7-4668-BE54-9A1E7A4F7556}") = "ShareDB", "src\ShareDB\ShareDB.csproj", "{273B3495-57C1-4E2A-A6FD-F98760E8376D}"
EndProject
Project("{9A19103F-16F7-4668-BE54-9A1E7A4F7556}") = "ShareDB.Tests", "test\ShareDB.Tests\ShareDB.Tests.csproj", "{D84ED45F-22B4-4595-BE22-D8E48E7A22C3}"
EndProject
Global
	GlobalSection(SolutionConfigurationPlatforms) = preSolution
		Debug|Any CPU = Debug|Any CPU
		Release|Any CPU = Release|Any CPU
	EndGlobalSection
	GlobalSection(ProjectConfigurationPlatforms) = postSolution
		{0542B0F2-46DD-404D-A711-7D682CB6A741}.Debug|Any CPU.ActiveCfg = Debug|Any CPU
		{0542B0F2-46DD-404D-A711-7D682CB6A741}.Debug|Any CPU.Build.0 = Debug|Any CPU
		{0542B0F2-46DD-404D-A711-7D682CB6A741}.Release|Any CPU.ActiveCfg = Release|Any CPU
		{0542B0F2-46DD-404D-A711-7D682CB6A741}.Release|Any CPU.Build.0 = Release|Any CPU
		{C1150447-34A6-4040-ADB1-6EA368217BF3}.Debug|Any CPU.ActiveCfg = Debug|Any CPU
		{C1150447-34A6-4040-ADB1-6EA368217BF3}.Debug|Any CPU.Build.0 = Debug|Any CPU
		{C1150447-34A6-4040-ADB1-6EA368217BF3}.Release|Any CPU.ActiveCfg = Release|Any CPU
		{C1150447-34A6-4040-ADB1-6EA368217BF3}.Release|Any CPU.Build.0 = Release|Any CPU
		{493C64E5-67B1-49F3-AEEC-3D104FEE1601}.Debug|Any CPU.ActiveCfg = Debug|Any CPU
		{493C64E5-67B1-49F3-AEEC-3D104FEE1601}.Debug|Any CPU.Build.0 = Debug|Any CPU
		{493C64E5-67B1-49F3-AEEC-3D104FEE1601}.Release|Any CPU.ActiveCfg = Release|Any CPU
		{493C64E5-67B1-49F3-AEEC-3D104FEE1601}.Release|Any CPU.Build.0 = Release|Any CPU
		{466E60F1-2718-4BF5-BD65-0EC6AAA650F4}.Debug|Any CPU.ActiveCfg = Debug|Any CPU
		{466E60F1-2718-4BF5-BD65-0EC6AAA650F4}.Debug|Any CPU.Build.0 = Debug|Any CPU
		{466E60F1-2718-4BF5-BD65-0EC6AAA650F4}.Release|Any CPU.ActiveCfg = Release|Any CPU
		{466E60F1-2718-4BF5-BD65-0EC6AAA650F4}.Release|Any CPU.Build.0 = Release|Any CPU
		{337E1882-812E-4782-8EFF-2582130FA1CE}.Debug|Any CPU.ActiveCfg = Debug|Any CPU
		{337E1882-812E-4782-8EFF-2582130FA1CE}.Debug|Any CPU.Build.0 = Debug|Any CPU
		{337E1882-812E-4782-8EFF-2582130FA1CE}.Release|Any CPU.ActiveCfg = Release|Any CPU
		{337E1882-812E-4782-8EFF-2582130FA1CE}.Release|Any CPU.Build.0 = Release|Any CPU
		{273B3495-57C1-4E2A-A6FD-F98760E8376D}.Debug|Any CPU.ActiveCfg = Debug|Any CPU
		{273B3495-57C1-4E2A-A6FD-F98760E8376D}.Debug|Any CPU.Build.0 = Debug|Any CPU
		{273B3495-57C1-4E2A-A6FD-F98760E8376D}.Release|Any CPU.ActiveCfg = Release|Any CPU
		{273B3495-57C1-4E2A-A6FD-F98760E8376D}.Release|Any CPU.Build.0 = Release|Any CPU
		{D84ED45F-22B4-4595-BE22-D8E48E7A22C3}.Debug|Any CPU.ActiveCfg = Debug|Any CPU
		{D84ED45F-22B4-4595-BE22-D8E48E7A22C3}.Debug|Any CPU.Build.0 = Debug|Any CPU
		{D84ED45F-22B4-4595-BE22-D8E48E7A22C3}.Release|Any CPU.ActiveCfg = Release|Any CPU
		{D84ED45F-22B4-4595-BE22-D8E48E7A22C3}.Release|Any CPU.Build.0 = Release|Any CPU
	EndGlobalSection
	GlobalSection(SolutionProperties) = preSolution
		HideSolutionNode = FALSE
	EndGlobalSection
	GlobalSection(NestedProjects) = preSolution
		{0542B0F2-46DD-404D-A711-7D682CB6A741} = {FAE8A070-D147-4FEB-B263-14C0BF50DEAE}
		{C1150447-34A6-4040-ADB1-6EA368217BF3} = {FAE8A070-D147-4FEB-B263-14C0BF50DEAE}
		{493C64E5-67B1-49F3-AEEC-3D104FEE1601} = {FAE8A070-D147-4FEB-B263-14C0BF50DEAE}
		{466E60F1-2718-4BF5-BD65-0EC6AAA650F4} = {0584AC24-20DC-4BEB-B537-2DB709E43292}
		{337E1882-812E-4782-8EFF-2582130FA1CE} = {0584AC24-20DC-4BEB-B537-2DB709E43292}
		{273B3495-57C1-4E2A-A6FD-F98760E8376D} = {FAE8A070-D147-4FEB-B263-14C0BF50DEAE}
		{D84ED45F-22B4-4595-BE22-D8E48E7A22C3} = {0584AC24-20DC-4BEB-B537-2DB709E43292}
	EndGlobalSection
	GlobalSection(ExtensibilityGlobals) = postSolution
		SolutionGuid = {7F3BD410-097C-457C-9FDF-547598955EAD}
	EndGlobalSection
EndGlobal
