{
    "_readme": [
        "This file locks the dependencies of your project to a known state",
        "Read more about it at http://getcomposer.org/doc/01-basic-usage.md#composer-lock-the-lock-file",
        "This file is @generated automatically"
    ],
    "hash": "b894b5ff37566e7b419553b6e64f5285",
    "packages": [
        {
            "name": "ocramius/lazy-property",
            "version": "dev-feature/factory",
            "source": {
                "type": "git",
                "url": "https://github.com/cambell-prince/LazyProperty.git",
                "reference": "f737cd125f2fca567b92dd2bb84738b904b391ce"
            },
            "dist": {
                "type": "zip",
                "url": "https://api.github.com/repos/cambell-prince/LazyProperty/zipball/f737cd125f2fca567b92dd2bb84738b904b391ce",
                "reference": "f737cd125f2fca567b92dd2bb84738b904b391ce",
                "shasum": ""
            },
            "require": {
                "php": "~5.4"
            },
            "require-dev": {
                "athletic/athletic": "~0.1.7",
                "phpunit/phpunit": "~3.8",
                "squizlabs/php_codesniffer": "1.4.*"
            },
            "type": "library",
            "extra": {
                "branch-alias": {
                    "dev-master": "1.0.x-dev"
                }
            },
            "autoload": {
                "psr-0": {
                    "LazyProperty\\": "src"
                }
            },
            "license": [
                "MIT"
            ],
            "authors": [
                {
                    "name": "Marco Pivetta",
                    "email": "ocramius@gmail.com",
                    "homepage": "http://ocramius.github.io/"
                }
            ],
            "description": "A library that provides lazy instantiation logic for object properties",
            "homepage": "https://github.com/Ocramius/LazyProperty",
            "keywords": [
                "lazy",
                "lazy instantiation",
                "lazy loading",
                "utility"
            ],
            "support": {
                "source": "https://github.com/cambell-prince/LazyProperty/tree/feature/factory"
            },
            "time": "2014-08-05 14:55:54"
        },
        {
            "name": "swiftmailer/swiftmailer",
            "version": "v5.0.2",
            "source": {
                "type": "git",
                "url": "https://github.com/swiftmailer/swiftmailer.git",
                "reference": "f3917ecef35a4e4d98b303eb9fee463bc983f379"
            },
            "dist": {
                "type": "zip",
                "url": "https://api.github.com/repos/swiftmailer/swiftmailer/zipball/f3917ecef35a4e4d98b303eb9fee463bc983f379",
                "reference": "f3917ecef35a4e4d98b303eb9fee463bc983f379",
                "shasum": ""
            },
            "require": {
                "php": ">=5.2.4"
            },
            "type": "library",
            "extra": {
                "branch-alias": {
                    "dev-master": "5.1-dev"
                }
            },
            "autoload": {
                "files": [
                    "lib/swift_required.php"
                ]
            },
            "notification-url": "https://packagist.org/downloads/",
            "license": [
                "MIT"
            ],
            "authors": [
                {
                    "name": "Fabien Potencier",
                    "email": "fabien@symfony.com"
                },
                {
                    "name": "Chris Corbyn"
                }
            ],
            "description": "Swiftmailer, free feature-rich PHP mailer",
            "homepage": "http://swiftmailer.org",
            "keywords": [
                "mail",
                "mailer"
            ],
            "time": "2013-08-30 12:35:21"
        },
        {
            "name": "twig/extensions",
            "version": "dev-master",
            "source": {
                "type": "git",
                "url": "https://github.com/fabpot/Twig-extensions.git",
                "reference": "b092fb785ef82eb99132deadaf8ca1823a4d75dd"
            },
            "dist": {
                "type": "zip",
                "url": "https://api.github.com/repos/fabpot/Twig-extensions/zipball/b092fb785ef82eb99132deadaf8ca1823a4d75dd",
                "reference": "b092fb785ef82eb99132deadaf8ca1823a4d75dd",
                "shasum": ""
            },
            "require": {
                "twig/twig": "~1.12"
            },
            "require-dev": {
                "symfony/translation": "~2.3"
            },
            "suggest": {
                "symfony/translation": "Allow the time_diff output to be translated"
            },
            "type": "library",
            "extra": {
                "branch-alias": {
                    "dev-master": "1.1.x-dev"
                }
            },
            "autoload": {
                "psr-0": {
                    "Twig_Extensions_": "lib/"
                }
            },
            "notification-url": "https://packagist.org/downloads/",
            "license": [
                "MIT"
            ],
            "authors": [
                {
                    "name": "Fabien Potencier",
                    "email": "fabien@symfony.com"
                }
            ],
            "description": "Common additional features for Twig that do not directly belong in core",
            "homepage": "https://github.com/fabpot/Twig-extensions",
            "keywords": [
                "i18n",
                "text"
            ],
            "time": "2014-08-08 06:16:10"
        },
        {
            "name": "twig/twig",
            "version": "v1.14.0",
            "source": {
                "type": "git",
                "url": "https://github.com/fabpot/Twig.git",
                "reference": "224fc55635d544a2ec8edb3592be18db5a093f59"
            },
            "dist": {
                "type": "zip",
                "url": "https://api.github.com/repos/fabpot/Twig/zipball/224fc55635d544a2ec8edb3592be18db5a093f59",
                "reference": "224fc55635d544a2ec8edb3592be18db5a093f59",
                "shasum": ""
            },
            "require": {
                "php": ">=5.2.4"
            },
            "type": "library",
            "extra": {
                "branch-alias": {
                    "dev-master": "1.14-dev"
                }
            },
            "autoload": {
                "psr-0": {
                    "Twig_": "lib/"
                }
            },
            "notification-url": "https://packagist.org/downloads/",
            "license": [
                "BSD-3-Clause"
            ],
            "authors": [
                {
                    "name": "Fabien Potencier",
                    "email": "fabien@symfony.com"
                },
                {
                    "name": "Armin Ronacher",
                    "email": "armin.ronacher@active-4.com"
                }
            ],
            "description": "Twig, the flexible, fast, and secure template language for PHP",
            "homepage": "http://twig.sensiolabs.org",
            "keywords": [
                "templating"
            ],
            "time": "2013-10-03 06:41:20"
        },
        {
            "name": "twilio/sdk",
            "version": "dev-master",
            "source": {
                "type": "git",
                "url": "https://github.com/twilio/twilio-php.git",
                "reference": "f676f16d48fc2aad54c093c0d04a860c29f44f40"
            },
            "dist": {
                "type": "zip",
                "url": "https://api.github.com/repos/twilio/twilio-php/zipball/f676f16d48fc2aad54c093c0d04a860c29f44f40",
                "reference": "f676f16d48fc2aad54c093c0d04a860c29f44f40",
                "shasum": ""
            },
            "require": {
                "php": ">=5.2.1"
            },
            "require-dev": {
                "mockery/mockery": ">=0.7.2",
                "phpunit/phpunit": "3.7.*"
            },
            "type": "library",
            "autoload": {
                "psr-0": {
                    "Services_Twilio": ""
                }
            },
            "notification-url": "https://packagist.org/downloads/",
            "license": [
                "MIT"
            ],
            "authors": [
                {
                    "name": "Kevin Burke",
                    "email": "kevin@twilio.com"
                },
                {
                    "name": "Kyle Conroy",
                    "email": "kyle+pear@twilio.com"
                }
            ],
            "description": "A PHP wrapper for Twilio's API",
            "homepage": "http://github.com/twilio/twilio-php",
            "keywords": [
                "api",
                "sms",
                "twilio"
            ],
            "time": "2013-09-28 18:56:04"
        }
    ],
    "packages-dev": [
        {
            "name": "simpletest/simpletest",
            "version": "dev-master-sil",
            "source": {
                "type": "git",
                "url": "https://github.com/sillsdev/simpletest.git",
                "reference": "42c5620065a48fb53e6c1e6a57997b4dc0583790"
            },
            "dist": {
                "type": "zip",
                "url": "https://api.github.com/repos/sillsdev/simpletest/zipball/42c5620065a48fb53e6c1e6a57997b4dc0583790",
                "reference": "42c5620065a48fb53e6c1e6a57997b4dc0583790",
                "shasum": ""
            },
            "require": {
                "php": ">=5.0.5"
            },
            "replace": {
                "lastcraft/simpletest": "self.version",
                "vierbergenlars/simpletest": "self.version"
            },
            "type": "library",
            "autoload": {
                "classmap": [
                    "."
                ]
            },
            "license": [
                "LGPL-2.0+"
            ],
            "authors": [
                {
                    "name": "Marcus Baker",
                    "email": "marcus@lastcraft.com",
                    "role": "Original project lead"
                },
                {
                    "name": "Jason Sweat",
                    "role": "Original developer"
                },
                {
                    "name": "Travis Swicegood",
                    "role": "Original developer"
                },
                {
                    "name": "Perrick Penet",
                    "role": "Original developer"
                },
                {
                    "name": "Edward Z. Yang",
                    "role": "Original developer"
                },
                {
                    "name": "Lachlan Donald",
                    "email": "lachlan@ljd.cc"
                },
                {
                    "name": "Lars Vierbergen",
                    "email": "vierbergenlars@gmail.com"
                }
            ],
            "description": "Unit testing, mock objects and web testing framework for PHP built around test cases.",
            "homepage": "http://simpletest.org/",
            "keywords": [
                "code-coverage",
                "junit",
                "php",
                "selenium",
                "simpletest",
                "testing",
                "unit-test",
                "xunit"
            ],
            "support": {
                "source": "https://github.com/sillsdev/simpletest/tree/master-sil"
            },
            "time": "2014-09-05 06:30:06"
        }
    ],
    "aliases": [

    ],
    "minimum-stability": "stable",
    "stability-flags": {
        "twig/extensions": 20,
        "twilio/sdk": 20,
        "ocramius/lazy-property": 20,
        "simpletest/simpletest": 20
    },
    "prefer-stable": false,
    "platform": [

    ],
    "platform-dev": [

    ]
}
