{
  "name": "xforge-front-end",
  "version": "1.0.0",
  "lockfileVersion": 1,
  "requires": true,
  "dependencies": {
    "angular": {
      "version": "1.6.5",
      "resolved": "https://registry.npmjs.org/angular/-/angular-1.6.5.tgz",
      "integrity": "sha1-N/eI7r7Fzi4/oCsXu8sqIxV2oNY="
    },
    "bootstrap": {
      "version": "4.0.0-alpha.5",
      "resolved": "https://registry.npmjs.org/bootstrap/-/bootstrap-4.0.0-alpha.5.tgz",
      "integrity": "sha1-oSa2SMO9L1K4+tS7xeLQrSq/cGQ=",
      "requires": {
        "jquery": "3.1.1",
        "tether": "1.4.0"
      }
    },
    "clone": {
      "version": "2.1.1",
      "resolved": "https://registry.npmjs.org/clone/-/clone-2.1.1.tgz",
      "integrity": "sha1-0hfR6WERjjrJpLi7oyhVU79kfNs="
    },
    "deep-equal": {
      "version": "1.0.1",
      "resolved": "https://registry.npmjs.org/deep-equal/-/deep-equal-1.0.1.tgz",
      "integrity": "sha1-9dJgKStmDghO/0zbyfCK0yR0SLU="
    },
    "eventemitter3": {
      "version": "2.0.3",
      "resolved": "https://registry.npmjs.org/eventemitter3/-/eventemitter3-2.0.3.tgz",
      "integrity": "sha1-teEHm1n7XhuidxwKmTvgYKWMmbo="
    },
    "extend": {
      "version": "3.0.1",
      "resolved": "https://registry.npmjs.org/extend/-/extend-3.0.1.tgz",
      "integrity": "sha1-p1Xqe8Gt/MWjHOfnYtuq3F5jZEQ="
    },
    "fast-diff": {
      "version": "1.1.1",
      "resolved": "https://registry.npmjs.org/fast-diff/-/fast-diff-1.1.1.tgz",
      "integrity": "sha1-CuoOTmBbaiGJ8Ok21Lf7rxt8/Zs="
    },
    "font-awesome": {
      "version": "4.7.0",
      "resolved": "https://registry.npmjs.org/font-awesome/-/font-awesome-4.7.0.tgz",
      "integrity": "sha1-j6jPBBGhoxr9B7BtKQK7n8gVoTM="
    },
    "intl-tel-input": {
      "version": "9.2.7",
      "resolved": "https://registry.npmjs.org/intl-tel-input/-/intl-tel-input-9.2.7.tgz",
      "integrity": "sha1-6Fgb5M/5znINKlyL1eWO2hfKFts="
    },
    "jquery": {
      "version": "3.1.1",
      "resolved": "https://registry.npmjs.org/jquery/-/jquery-3.1.1.tgz",
      "integrity": "sha1-NHwcIcfgBBFeCk2jLOzgQfrTyKM="
    },
    "ng-quill": {
      "version": "3.0.2",
      "resolved": "https://registry.npmjs.org/ng-quill/-/ng-quill-3.0.2.tgz",
      "integrity": "sha1-GbJN77WoSwTuGKBeK4XuHM2SgEo=",
      "requires": {
        "angular": "1.6.5",
        "quill": "1.3.0"
      }
    },
    "parchment": {
      "version": "1.1.0",
      "resolved": "https://registry.npmjs.org/parchment/-/parchment-1.1.0.tgz",
      "integrity": "sha1-x5OHqA/Er0uolHuU/FWoNfYoUKU="
    },
    "quill": {
      "version": "1.3.0",
      "resolved": "https://registry.npmjs.org/quill/-/quill-1.3.0.tgz",
      "integrity": "sha1-H6SF3ND0xFkl7TIVj1DYEpzKsTQ=",
      "requires": {
        "clone": "2.1.1",
        "deep-equal": "1.0.1",
        "eventemitter3": "2.0.3",
        "extend": "3.0.1",
        "parchment": "1.1.0",
        "quill-delta": "3.5.0"
      }
    },
    "quill-delta": {
      "version": "3.5.0",
      "resolved": "https://registry.npmjs.org/quill-delta/-/quill-delta-3.5.0.tgz",
      "integrity": "sha1-W2fmhdpgw06r7URJxBbHSquJFXs=",
      "requires": {
        "deep-equal": "1.0.1",
        "extend": "3.0.1",
        "fast-diff": "1.1.1"
      }
    },
    "rangy": {
      "version": "1.3.0",
      "resolved": "https://registry.npmjs.org/rangy/-/rangy-1.3.0.tgz",
      "integrity": "sha1-t8mnCuoF5djNx0qNTIJz1pcnGQQ="
    },
    "tether": {
      "version": "1.4.0",
      "resolved": "https://registry.npmjs.org/tether/-/tether-1.4.0.tgz",
      "integrity": "sha1-D5+hcfdb9YSF2BSelHmdeudNHBo="
    },
    "textangular": {
      "version": "1.5.12",
      "resolved": "https://registry.npmjs.org/textangular/-/textangular-1.5.12.tgz",
      "integrity": "sha1-8GqpG//JgEP+zSGcxvxyql0l100=",
      "requires": {
        "rangy": "1.3.0"
      }
    },
    "zxcvbn": {
      "version": "4.4.2",
      "resolved": "https://registry.npmjs.org/zxcvbn/-/zxcvbn-4.4.2.tgz",
      "integrity": "sha1-KOwXzwl0PtyrBW3dixsGJizHPDA="
    }
  }
}
