{
  "name": "xforge-front-end",
  "version": "1.0.0",
  "lockfileVersion": 1,
  "requires": true,
  "dependencies": {
    "angular": {
      "version": "1.6.4",
      "resolved": "https://registry.npmjs.org/angular/-/angular-1.6.4.tgz",
      "integrity": "sha1-A7exXAGggC1+LPWTJA5gQFTcd/s="
    },
    "angular-route": {
      "version": "1.6.5",
      "resolved": "https://registry.npmjs.org/angular-route/-/angular-route-1.6.5.tgz",
      "integrity": "sha1-r0VZMpn1WHTQJhAYrbEVIKOBfSo="
    },
    "angular-sanitize": {
      "version": "1.6.5",
      "resolved": "https://registry.npmjs.org/angular-sanitize/-/angular-sanitize-1.6.5.tgz",
      "integrity": "sha1-tWJagXr60rpYwzPpju8WmhxvUXo="
    },
    "angular-sortable-view": {
      "version": "0.0.15",
      "resolved": "https://registry.npmjs.org/angular-sortable-view/-/angular-sortable-view-0.0.15.tgz",
      "integrity": "sha1-6EY9+Qnbg9ZBsCjwdzoQ1QKSh08="
    },
    "angular-translate": {
      "version": "2.15.2",
      "resolved": "https://registry.npmjs.org/angular-translate/-/angular-translate-2.15.2.tgz",
      "integrity": "sha1-+aPCuNXa6312yeLAH/PD1X/hK5A=",
      "requires": {
        "angular": "1.6.4"
      }
    },
    "angular-translate-loader-static-files": {
      "version": "2.15.2",
      "resolved": "https://registry.npmjs.org/angular-translate-loader-static-files/-/angular-translate-loader-static-files-2.15.2.tgz",
      "integrity": "sha1-OPJ7Df2LYxuM6LPg8Gqj8TERBek=",
      "requires": {
        "angular-translate": "2.15.2"
      }
    },
    "angular-truncate-2": {
      "version": "0.4.2",
      "resolved": "https://registry.npmjs.org/angular-truncate-2/-/angular-truncate-2-0.4.2.tgz",
      "integrity": "sha1-ibOVf4ZocC1T0NJhMPAV7wiGv3Q="
    },
    "angular-ui-bootstrap": {
      "version": "2.5.0",
      "resolved": "https://registry.npmjs.org/angular-ui-bootstrap/-/angular-ui-bootstrap-2.5.0.tgz",
      "integrity": "sha1-L6zvuRU4ZlXcX0QVAlgDJRcjbQE="
    },
    "angular-ui-router": {
      "version": "0.4.2",
      "resolved": "https://registry.npmjs.org/angular-ui-router/-/angular-ui-router-0.4.2.tgz",
      "integrity": "sha1-tq7Rymmmg8guOZKJjqvUuhWGhgg=",
      "requires": {
        "angular": "1.6.4"
      }
    },
    "angular-ui-validate": {
      "version": "1.2.3",
      "resolved": "https://registry.npmjs.org/angular-ui-validate/-/angular-ui-validate-1.2.3.tgz",
      "integrity": "sha1-vrFB9kQJv926ZcEvdYG4k931kyE="
    },
    "angular-zxcvbn": {
      "version": "3.2.2",
      "resolved": "https://registry.npmjs.org/angular-zxcvbn/-/angular-zxcvbn-3.2.2.tgz",
      "integrity": "sha1-Lby6XrXaTJCysLYCLaCLd2iTfEY="
    },
    "bootstrap": {
      "version": "4.0.0-alpha.5",
      "resolved": "https://registry.npmjs.org/bootstrap/-/bootstrap-4.0.0-alpha.5.tgz",
      "integrity": "sha1-oSa2SMO9L1K4+tS7xeLQrSq/cGQ=",
      "requires": {
        "jquery": "3.1.1",
        "tether": "1.4.0"
      }
    },
    "font-awesome": {
      "version": "4.2.0",
      "resolved": "https://registry.npmjs.org/font-awesome/-/font-awesome-4.2.0.tgz",
      "integrity": "sha1-RzOKGgF9pr75XOLhsOF2go/Yreo="
    },
    "intl-tel-input": {
      "version": "9.2.7",
      "resolved": "https://registry.npmjs.org/intl-tel-input/-/intl-tel-input-9.2.7.tgz",
      "integrity": "sha1-6Fgb5M/5znINKlyL1eWO2hfKFts="
    },
    "jquery": {
      "version": "3.1.1",
      "resolved": "https://registry.npmjs.org/jquery/-/jquery-3.1.1.tgz",
      "integrity": "sha1-NHwcIcfgBBFeCk2jLOzgQfrTyKM="
    },
    "lodash": {
      "version": "4.14.2",
      "resolved": "https://registry.npmjs.org/lodash/-/lodash-4.14.2.tgz",
      "integrity": "sha1-u8zOY3OkAPv9CoxnykL20e9BZDI="
    },
    "moment": {
      "version": "2.18.1",
      "resolved": "https://registry.npmjs.org/moment/-/moment-2.18.1.tgz",
      "integrity": "sha1-w2GT3Tzhwu7SrbfIAtu8d6gbHA8="
    },
    "ng-file-upload": {
      "version": "12.0.4",
      "resolved": "https://registry.npmjs.org/ng-file-upload/-/ng-file-upload-12.0.4.tgz",
      "integrity": "sha1-wiwY+jh8l3kEkhvyBIw9jYCuS+k="
    },
    "rangy": {
      "version": "1.3.0",
      "resolved": "https://registry.npmjs.org/rangy/-/rangy-1.3.0.tgz",
      "integrity": "sha1-t8mnCuoF5djNx0qNTIJz1pcnGQQ="
    },
    "soundmanager2": {
      "version": "2.97.20170601",
      "resolved": "https://registry.npmjs.org/soundmanager2/-/soundmanager2-2.97.20170601.tgz",
      "integrity": "sha512-0kZZLzkH6KllUJNC7T4aJeJKvfdX+kHdS3XAVTCMKykUgKcTyqRTXttku+FuW+4M4v69mBQ9NGFSLLeQH2y1CQ=="
    },
    "tether": {
      "version": "1.4.0",
      "resolved": "https://registry.npmjs.org/tether/-/tether-1.4.0.tgz",
      "integrity": "sha1-D5+hcfdb9YSF2BSelHmdeudNHBo="
    },
    "textangular": {
      "version": "1.5.12",
      "resolved": "https://registry.npmjs.org/textangular/-/textangular-1.5.12.tgz",
      "integrity": "sha1-8GqpG//JgEP+zSGcxvxyql0l100=",
      "requires": {
        "rangy": "1.3.0"
      }
    },
    "zxcvbn": {
      "version": "4.4.2",
      "resolved": "https://registry.npmjs.org/zxcvbn/-/zxcvbn-4.4.2.tgz",
      "integrity": "sha1-KOwXzwl0PtyrBW3dixsGJizHPDA="
    }
  }
}
